
Microsoft Visual Studio Solution File, Format Version 12.00
# Visual Studio Version 16
VisualStudioVersion = 16.0.30907.101
MinimumVisualStudioVersion = 10.0.40219.1
Project("{9A19103F-16F7-4668-BE54-9A1E7A4F7556}") = "KampCalisma", "KampCalisma\KampCalisma.csproj", "{F1A90A9D-3D9C-491B-9BDC-3CCF71668764}"
EndProject
Project("{9A19103F-16F7-4668-BE54-9A1E7A4F7556}") = "Metotlar", "Metotlar\Metotlar.csproj", "{A1B74909-0AC7-4B53-857B-1DA9EAB0816F}"
EndProject
Project("{9A19103F-16F7-4668-BE54-9A1E7A4F7556}") = "Matematik", "Matematik\Matematik.csproj", "{54C85F55-0681-4B69-AE89-EFAD15B94876}"
EndProject
Project("{9A19103F-16F7-4668-BE54-9A1E7A4F7556}") = "ClassMethodDemo", "ClassMethodDemo\ClassMethodDemo.csproj", "{56345272-FAF8-4E2E-8BA1-F8594742B384}"
EndProject
Project("{9A19103F-16F7-4668-BE54-9A1E7A4F7556}") = "OOP1", "OOP1\OOP1.csproj", "{15AD1650-C4EF-48E4-B9FF-43AD14320A79}"
EndProject
Project("{9A19103F-16F7-4668-BE54-9A1E7A4F7556}") = "Koleksiyonlar", "Koleksiyonlar\Koleksiyonlar.csproj", "{B60835FF-994F-444F-9275-7F814AC1B739}"
EndProject
Project("{9A19103F-16F7-4668-BE54-9A1E7A4F7556}") = "GenericIntro", "GenericIntro\GenericIntro.csproj", "{6A52CECA-8BCE-466A-8008-D3171D253715}"
EndProject
Project("{FAE04EC0-301F-11D3-BF4B-00C04F79EFBC}") = "MyDictionary", "MyDictionary\MyDictionary.csproj", "{429F232F-EABF-4858-B3EC-6FEF0211E68E}"
EndProject
Global
	GlobalSection(SolutionConfigurationPlatforms) = preSolution
		Debug|Any CPU = Debug|Any CPU
		Release|Any CPU = Release|Any CPU
	EndGlobalSection
	GlobalSection(ProjectConfigurationPlatforms) = postSolution
		{F1A90A9D-3D9C-491B-9BDC-3CCF71668764}.Debug|Any CPU.ActiveCfg = Debug|Any CPU
		{F1A90A9D-3D9C-491B-9BDC-3CCF71668764}.Debug|Any CPU.Build.0 = Debug|Any CPU
		{F1A90A9D-3D9C-491B-9BDC-3CCF71668764}.Release|Any CPU.ActiveCfg = Release|Any CPU
		{F1A90A9D-3D9C-491B-9BDC-3CCF71668764}.Release|Any CPU.Build.0 = Release|Any CPU
		{A1B74909-0AC7-4B53-857B-1DA9EAB0816F}.Debug|Any CPU.ActiveCfg = Debug|Any CPU
		{A1B74909-0AC7-4B53-857B-1DA9EAB0816F}.Debug|Any CPU.Build.0 = Debug|Any CPU
		{A1B74909-0AC7-4B53-857B-1DA9EAB0816F}.Release|Any CPU.ActiveCfg = Release|Any CPU
		{A1B74909-0AC7-4B53-857B-1DA9EAB0816F}.Release|Any CPU.Build.0 = Release|Any CPU
		{54C85F55-0681-4B69-AE89-EFAD15B94876}.Debug|Any CPU.ActiveCfg = Debug|Any CPU
		{54C85F55-0681-4B69-AE89-EFAD15B94876}.Debug|Any CPU.Build.0 = Debug|Any CPU
		{54C85F55-0681-4B69-AE89-EFAD15B94876}.Release|Any CPU.ActiveCfg = Release|Any CPU
		{54C85F55-0681-4B69-AE89-EFAD15B94876}.Release|Any CPU.Build.0 = Release|Any CPU
		{56345272-FAF8-4E2E-8BA1-F8594742B384}.Debug|Any CPU.ActiveCfg = Debug|Any CPU
		{56345272-FAF8-4E2E-8BA1-F8594742B384}.Debug|Any CPU.Build.0 = Debug|Any CPU
		{56345272-FAF8-4E2E-8BA1-F8594742B384}.Release|Any CPU.ActiveCfg = Release|Any CPU
		{56345272-FAF8-4E2E-8BA1-F8594742B384}.Release|Any CPU.Build.0 = Release|Any CPU
		{15AD1650-C4EF-48E4-B9FF-43AD14320A79}.Debug|Any CPU.ActiveCfg = Debug|Any CPU
		{15AD1650-C4EF-48E4-B9FF-43AD14320A79}.Debug|Any CPU.Build.0 = Debug|Any CPU
		{15AD1650-C4EF-48E4-B9FF-43AD14320A79}.Release|Any CPU.ActiveCfg = Release|Any CPU
		{15AD1650-C4EF-48E4-B9FF-43AD14320A79}.Release|Any CPU.Build.0 = Release|Any CPU
		{B60835FF-994F-444F-9275-7F814AC1B739}.Debug|Any CPU.ActiveCfg = Debug|Any CPU
		{B60835FF-994F-444F-9275-7F814AC1B739}.Debug|Any CPU.Build.0 = Debug|Any CPU
		{B60835FF-994F-444F-9275-7F814AC1B739}.Release|Any CPU.ActiveCfg = Release|Any CPU
		{B60835FF-994F-444F-9275-7F814AC1B739}.Release|Any CPU.Build.0 = Release|Any CPU
		{6A52CECA-8BCE-466A-8008-D3171D253715}.Debug|Any CPU.ActiveCfg = Debug|Any CPU
		{6A52CECA-8BCE-466A-8008-D3171D253715}.Debug|Any CPU.Build.0 = Debug|Any CPU
		{6A52CECA-8BCE-466A-8008-D3171D253715}.Release|Any CPU.ActiveCfg = Release|Any CPU
		{6A52CECA-8BCE-466A-8008-D3171D253715}.Release|Any CPU.Build.0 = Release|Any CPU
		{429F232F-EABF-4858-B3EC-6FEF0211E68E}.Debug|Any CPU.ActiveCfg = Debug|Any CPU
		{429F232F-EABF-4858-B3EC-6FEF0211E68E}.Debug|Any CPU.Build.0 = Debug|Any CPU
		{429F232F-EABF-4858-B3EC-6FEF0211E68E}.Release|Any CPU.ActiveCfg = Release|Any CPU
		{429F232F-EABF-4858-B3EC-6FEF0211E68E}.Release|Any CPU.Build.0 = Release|Any CPU
	EndGlobalSection
	GlobalSection(SolutionProperties) = preSolution
		HideSolutionNode = FALSE
	EndGlobalSection
	GlobalSection(ExtensibilityGlobals) = postSolution
		SolutionGuid = {FA3BA74C-51DA-4D64-BBE6-271CC1AE2D51}
	EndGlobalSection
EndGlobal
