
Microsoft Visual Studio Solution File, Format Version 12.00
# Visual Studio Version 16
VisualStudioVersion = 16.0.30907.101
MinimumVisualStudioVersion = 10.0.40219.1
Project("{FAE04EC0-301F-11D3-BF4B-00C04F79EFBC}") = "KampCalisma", "KampCalisma\KampCalisma.csproj", "{F1A90A9D-3D9C-491B-9BDC-3CCF71668764}"
EndProject
Project("{FAE04EC0-301F-11D3-BF4B-00C04F79EFBC}") = "Metotlar", "Metotlar\Metotlar.csproj", "{A1B74909-0AC7-4B53-857B-1DA9EAB0816F}"
EndProject
Project("{FAE04EC0-301F-11D3-BF4B-00C04F79EFBC}") = "Matematik", "Matematik\Matematik.csproj", "{54C85F55-0681-4B69-AE89-EFAD15B94876}"
EndProject
Global
	GlobalSection(SolutionConfigurationPlatforms) = preSolution
		Debug|Any CPU = Debug|Any CPU
		Release|Any CPU = Release|Any CPU
	EndGlobalSection
	GlobalSection(ProjectConfigurationPlatforms) = postSolution
		{F1A90A9D-3D9C-491B-9BDC-3CCF71668764}.Debug|Any CPU.ActiveCfg = Debug|Any CPU
		{F1A90A9D-3D9C-491B-9BDC-3CCF71668764}.Debug|Any CPU.Build.0 = Debug|Any CPU
		{F1A90A9D-3D9C-491B-9BDC-3CCF71668764}.Release|Any CPU.ActiveCfg = Release|Any CPU
		{F1A90A9D-3D9C-491B-9BDC-3CCF71668764}.Release|Any CPU.Build.0 = Release|Any CPU
		{A1B74909-0AC7-4B53-857B-1DA9EAB0816F}.Debug|Any CPU.ActiveCfg = Debug|Any CPU
		{A1B74909-0AC7-4B53-857B-1DA9EAB0816F}.Debug|Any CPU.Build.0 = Debug|Any CPU
		{A1B74909-0AC7-4B53-857B-1DA9EAB0816F}.Release|Any CPU.ActiveCfg = Release|Any CPU
		{A1B74909-0AC7-4B53-857B-1DA9EAB0816F}.Release|Any CPU.Build.0 = Release|Any CPU
		{54C85F55-0681-4B69-AE89-EFAD15B94876}.Debug|Any CPU.ActiveCfg = Debug|Any CPU
		{54C85F55-0681-4B69-AE89-EFAD15B94876}.Debug|Any CPU.Build.0 = Debug|Any CPU
		{54C85F55-0681-4B69-AE89-EFAD15B94876}.Release|Any CPU.ActiveCfg = Release|Any CPU
		{54C85F55-0681-4B69-AE89-EFAD15B94876}.Release|Any CPU.Build.0 = Release|Any CPU
	EndGlobalSection
	GlobalSection(SolutionProperties) = preSolution
		HideSolutionNode = FALSE
	EndGlobalSection
	GlobalSection(ExtensibilityGlobals) = postSolution
		SolutionGuid = {FA3BA74C-51DA-4D64-BBE6-271CC1AE2D51}
	EndGlobalSection
EndGlobal
